
Microsoft Visual Studio Solution File, Format Version 12.00
# Visual Studio 15
VisualStudioVersion = 15.0.27703.2035
MinimumVisualStudioVersion = 10.0.40219.1
Project("{FAE04EC0-301F-11D3-BF4B-00C04F79EFBC}") = "Lab_1_Part_2", "Lab_1_Part_2\Lab_1_Part_2.csproj", "{0B56D9E8-D9FF-4C72-835E-34B15FCB3429}"
EndProject
Global
	GlobalSection(SolutionConfigurationPlatforms) = preSolution
		Debug|Any CPU = Debug|Any CPU
		Release|Any CPU = Release|Any CPU
	EndGlobalSection
	GlobalSection(ProjectConfigurationPlatforms) = postSolution
		{0B56D9E8-D9FF-4C72-835E-34B15FCB3429}.Debug|Any CPU.ActiveCfg = Debug|Any CPU
		{0B56D9E8-D9FF-4C72-835E-34B15FCB3429}.Debug|Any CPU.Build.0 = Debug|Any CPU
		{0B56D9E8-D9FF-4C72-835E-34B15FCB3429}.Release|Any CPU.ActiveCfg = Release|Any CPU
		{0B56D9E8-D9FF-4C72-835E-34B15FCB3429}.Release|Any CPU.Build.0 = Release|Any CPU
	EndGlobalSection
	GlobalSection(SolutionProperties) = preSolution
		HideSolutionNode = FALSE
	EndGlobalSection
	GlobalSection(ExtensibilityGlobals) = postSolution
		SolutionGuid = {8186E172-D57B-436B-938C-619B75E7E914}
	EndGlobalSection
EndGlobal
